// !$*UTF8*$!
{
	archiveVersion = 1;
	classes = {
	};
	objectVersion = 50;
	objects = {

/* Begin PBXBuildFile section */
		2A7A37ED34AC5D31E58AD39B /* Pods_decoupled_dependencies_architectureTests.framework in Frameworks */ = {isa = PBXBuildFile; fileRef = 549E6DF54B7EE8A9D09B843C /* Pods_decoupled_dependencies_architectureTests.framework */; };
		3E1B092883B2B88BDE1F471E /* Pods_decoupled_dependencies_architecture_Network.framework in Frameworks */ = {isa = PBXBuildFile; fileRef = EE63AF44208B9C8000298378 /* Pods_decoupled_dependencies_architecture_Network.framework */; };
		E02259EEA2B349AD030D5793 /* Pods_decoupled_dependencies_architecture.framework in Frameworks */ = {isa = PBXBuildFile; fileRef = B619A3315F38AA0ACF186C93 /* Pods_decoupled_dependencies_architecture.framework */; };
		EE63AF45208B9C8000298378 /* Pods_decoupled_dependencies_architecture_Network.framework in Frameworks */ = {isa = PBXBuildFile; fileRef = EE63AF44208B9C8000298378 /* Pods_decoupled_dependencies_architecture_Network.framework */; };
		EE63AF56208B9DD400298378 /* ApiService.swift in Sources */ = {isa = PBXBuildFile; fileRef = EEC68892208A2F3400D3457B /* ApiService.swift */; };
		EE63AF57208B9DD400298378 /* NetworkManager.swift in Sources */ = {isa = PBXBuildFile; fileRef = EEC6889B208A301A00D3457B /* NetworkManager.swift */; };
		EE63AF59208B9DE300298378 /* Network.swift in Sources */ = {isa = PBXBuildFile; fileRef = EE63AF58208B9DE300298378 /* Network.swift */; };
		EE63AF5A208B9DF600298378 /* libNetwork.a in Frameworks */ = {isa = PBXBuildFile; fileRef = EE63AF4F208B9DCC00298378 /* libNetwork.a */; };
		EE63AF5C208BA28A00298378 /* NetworkProtocol.swift in Sources */ = {isa = PBXBuildFile; fileRef = EE63AF5B208BA28A00298378 /* NetworkProtocol.swift */; };
		EE9F83EE2087BB160024009C /* AppDelegate.swift in Sources */ = {isa = PBXBuildFile; fileRef = EE9F83ED2087BB160024009C /* AppDelegate.swift */; };
		EE9F83F02087BB160024009C /* ViewController.swift in Sources */ = {isa = PBXBuildFile; fileRef = EE9F83EF2087BB160024009C /* ViewController.swift */; };
		EE9F83F32087BB160024009C /* Main.storyboard in Resources */ = {isa = PBXBuildFile; fileRef = EE9F83F12087BB160024009C /* Main.storyboard */; };
		EE9F83F52087BB170024009C /* Assets.xcassets in Resources */ = {isa = PBXBuildFile; fileRef = EE9F83F42087BB170024009C /* Assets.xcassets */; };
		EE9F83F82087BB170024009C /* LaunchScreen.storyboard in Resources */ = {isa = PBXBuildFile; fileRef = EE9F83F62087BB170024009C /* LaunchScreen.storyboard */; };
		EE9F84032087BB180024009C /* decoupled_dependencies_architectureTests.swift in Sources */ = {isa = PBXBuildFile; fileRef = EE9F84022087BB180024009C /* decoupled_dependencies_architectureTests.swift */; };
/* End PBXBuildFile section */

/* Begin PBXContainerItemProxy section */
		EE9F83FF2087BB180024009C /* PBXContainerItemProxy */ = {
			isa = PBXContainerItemProxy;
			containerPortal = EE9F83E22087BB160024009C /* Project object */;
			proxyType = 1;
			remoteGlobalIDString = EE9F83E92087BB160024009C;
			remoteInfo = "decoupled-dependencies-architecture";
		};
/* End PBXContainerItemProxy section */

/* Begin PBXCopyFilesBuildPhase section */
		EE63AF4D208B9DCC00298378 /* CopyFiles */ = {
			isa = PBXCopyFilesBuildPhase;
			buildActionMask = 2147483647;
			dstPath = "include/$(PRODUCT_NAME)";
			dstSubfolderSpec = 16;
			files = (
			);
			runOnlyForDeploymentPostprocessing = 0;
		};
/* End PBXCopyFilesBuildPhase section */

/* Begin PBXFileReference section */
		03303672E90C74E3DE2A3B3B /* Pods-decoupled-dependencies-architectureTests.release.xcconfig */ = {isa = PBXFileReference; includeInIndex = 1; lastKnownFileType = text.xcconfig; name = "Pods-decoupled-dependencies-architectureTests.release.xcconfig"; path = "Pods/Target Support Files/Pods-decoupled-dependencies-architectureTests/Pods-decoupled-dependencies-architectureTests.release.xcconfig"; sourceTree = "<group>"; };
		14419E832C1F0501C1FA0424 /* Pods-decoupled-dependencies-architectureTests.debug.xcconfig */ = {isa = PBXFileReference; includeInIndex = 1; lastKnownFileType = text.xcconfig; name = "Pods-decoupled-dependencies-architectureTests.debug.xcconfig"; path = "Pods/Target Support Files/Pods-decoupled-dependencies-architectureTests/Pods-decoupled-dependencies-architectureTests.debug.xcconfig"; sourceTree = "<group>"; };
		342E9C0BF7D8127BF445F3E6 /* Pods-decoupled-dependencies-architecture-Network.release.xcconfig */ = {isa = PBXFileReference; includeInIndex = 1; lastKnownFileType = text.xcconfig; name = "Pods-decoupled-dependencies-architecture-Network.release.xcconfig"; path = "Pods/Target Support Files/Pods-decoupled-dependencies-architecture-Network/Pods-decoupled-dependencies-architecture-Network.release.xcconfig"; sourceTree = "<group>"; };
		549E6DF54B7EE8A9D09B843C /* Pods_decoupled_dependencies_architectureTests.framework */ = {isa = PBXFileReference; explicitFileType = wrapper.framework; includeInIndex = 0; path = Pods_decoupled_dependencies_architectureTests.framework; sourceTree = BUILT_PRODUCTS_DIR; };
		92A9BD0A9B04E4E24A9E8116 /* Pods-decoupled-dependencies-architecture.release.xcconfig */ = {isa = PBXFileReference; includeInIndex = 1; lastKnownFileType = text.xcconfig; name = "Pods-decoupled-dependencies-architecture.release.xcconfig"; path = "Pods/Target Support Files/Pods-decoupled-dependencies-architecture/Pods-decoupled-dependencies-architecture.release.xcconfig"; sourceTree = "<group>"; };
		B619A3315F38AA0ACF186C93 /* Pods_decoupled_dependencies_architecture.framework */ = {isa = PBXFileReference; explicitFileType = wrapper.framework; includeInIndex = 0; path = Pods_decoupled_dependencies_architecture.framework; sourceTree = BUILT_PRODUCTS_DIR; };
		C38A8BDF52BC30FA5533256A /* Pods-decoupled-dependencies-architecture.debug.xcconfig */ = {isa = PBXFileReference; includeInIndex = 1; lastKnownFileType = text.xcconfig; name = "Pods-decoupled-dependencies-architecture.debug.xcconfig"; path = "Pods/Target Support Files/Pods-decoupled-dependencies-architecture/Pods-decoupled-dependencies-architecture.debug.xcconfig"; sourceTree = "<group>"; };
		EE63AF44208B9C8000298378 /* Pods_decoupled_dependencies_architecture_Network.framework */ = {isa = PBXFileReference; explicitFileType = wrapper.framework; path = Pods_decoupled_dependencies_architecture_Network.framework; sourceTree = BUILT_PRODUCTS_DIR; };
		EE63AF4F208B9DCC00298378 /* libNetwork.a */ = {isa = PBXFileReference; explicitFileType = archive.ar; includeInIndex = 0; path = libNetwork.a; sourceTree = BUILT_PRODUCTS_DIR; };
		EE63AF58208B9DE300298378 /* Network.swift */ = {isa = PBXFileReference; fileEncoding = 4; lastKnownFileType = sourcecode.swift; path = Network.swift; sourceTree = "<group>"; };
		EE63AF5B208BA28A00298378 /* NetworkProtocol.swift */ = {isa = PBXFileReference; lastKnownFileType = sourcecode.swift; path = NetworkProtocol.swift; sourceTree = "<group>"; };
		EE9F83EA2087BB160024009C /* decoupled-dependencies-architecture.app */ = {isa = PBXFileReference; explicitFileType = wrapper.application; includeInIndex = 0; path = "decoupled-dependencies-architecture.app"; sourceTree = BUILT_PRODUCTS_DIR; };
		EE9F83ED2087BB160024009C /* AppDelegate.swift */ = {isa = PBXFileReference; lastKnownFileType = sourcecode.swift; path = AppDelegate.swift; sourceTree = "<group>"; };
		EE9F83EF2087BB160024009C /* ViewController.swift */ = {isa = PBXFileReference; lastKnownFileType = sourcecode.swift; path = ViewController.swift; sourceTree = "<group>"; };
		EE9F83F22087BB160024009C /* Base */ = {isa = PBXFileReference; lastKnownFileType = file.storyboard; name = Base; path = Base.lproj/Main.storyboard; sourceTree = "<group>"; };
		EE9F83F42087BB170024009C /* Assets.xcassets */ = {isa = PBXFileReference; lastKnownFileType = folder.assetcatalog; path = Assets.xcassets; sourceTree = "<group>"; };
		EE9F83F72087BB170024009C /* Base */ = {isa = PBXFileReference; lastKnownFileType = file.storyboard; name = Base; path = Base.lproj/LaunchScreen.storyboard; sourceTree = "<group>"; };
		EE9F83F92087BB170024009C /* Info.plist */ = {isa = PBXFileReference; lastKnownFileType = text.plist.xml; path = Info.plist; sourceTree = "<group>"; };
		EE9F83FE2087BB180024009C /* decoupled-dependencies-architectureTests.xctest */ = {isa = PBXFileReference; explicitFileType = wrapper.cfbundle; includeInIndex = 0; path = "decoupled-dependencies-architectureTests.xctest"; sourceTree = BUILT_PRODUCTS_DIR; };
		EE9F84022087BB180024009C /* decoupled_dependencies_architectureTests.swift */ = {isa = PBXFileReference; lastKnownFileType = sourcecode.swift; path = decoupled_dependencies_architectureTests.swift; sourceTree = "<group>"; };
		EE9F84042087BB180024009C /* Info.plist */ = {isa = PBXFileReference; lastKnownFileType = text.plist.xml; path = Info.plist; sourceTree = "<group>"; };
		EEC68892208A2F3400D3457B /* ApiService.swift */ = {isa = PBXFileReference; fileEncoding = 4; lastKnownFileType = sourcecode.swift; path = ApiService.swift; sourceTree = "<group>"; };
		EEC6889B208A301A00D3457B /* NetworkManager.swift */ = {isa = PBXFileReference; lastKnownFileType = sourcecode.swift; path = NetworkManager.swift; sourceTree = "<group>"; };
		F768058A794030CF5E1F4C1D /* Pods-decoupled-dependencies-architecture-Network.debug.xcconfig */ = {isa = PBXFileReference; includeInIndex = 1; lastKnownFileType = text.xcconfig; name = "Pods-decoupled-dependencies-architecture-Network.debug.xcconfig"; path = "Pods/Target Support Files/Pods-decoupled-dependencies-architecture-Network/Pods-decoupled-dependencies-architecture-Network.debug.xcconfig"; sourceTree = "<group>"; };
/* End PBXFileReference section */

/* Begin PBXFrameworksBuildPhase section */
		EE63AF4C208B9DCC00298378 /* Frameworks */ = {
			isa = PBXFrameworksBuildPhase;
			buildActionMask = 2147483647;
			files = (
				3E1B092883B2B88BDE1F471E /* Pods_decoupled_dependencies_architecture_Network.framework in Frameworks */,
			);
			runOnlyForDeploymentPostprocessing = 0;
		};
		EE9F83E72087BB160024009C /* Frameworks */ = {
			isa = PBXFrameworksBuildPhase;
			buildActionMask = 2147483647;
			files = (
				EE63AF5A208B9DF600298378 /* libNetwork.a in Frameworks */,
				EE63AF45208B9C8000298378 /* Pods_decoupled_dependencies_architecture_Network.framework in Frameworks */,
				E02259EEA2B349AD030D5793 /* Pods_decoupled_dependencies_architecture.framework in Frameworks */,
			);
			runOnlyForDeploymentPostprocessing = 0;
		};
		EE9F83FB2087BB180024009C /* Frameworks */ = {
			isa = PBXFrameworksBuildPhase;
			buildActionMask = 2147483647;
			files = (
				2A7A37ED34AC5D31E58AD39B /* Pods_decoupled_dependencies_architectureTests.framework in Frameworks */,
			);
			runOnlyForDeploymentPostprocessing = 0;
		};
/* End PBXFrameworksBuildPhase section */

/* Begin PBXGroup section */
		275A0E3565F87A5E00D21D0E /* Frameworks */ = {
			isa = PBXGroup;
			children = (
				EE63AF44208B9C8000298378 /* Pods_decoupled_dependencies_architecture_Network.framework */,
				B619A3315F38AA0ACF186C93 /* Pods_decoupled_dependencies_architecture.framework */,
				549E6DF54B7EE8A9D09B843C /* Pods_decoupled_dependencies_architectureTests.framework */,
			);
			name = Frameworks;
			sourceTree = "<group>";
		};
		920E5F4F4DD8483CBA33C72E /* Pods */ = {
			isa = PBXGroup;
			children = (
				C38A8BDF52BC30FA5533256A /* Pods-decoupled-dependencies-architecture.debug.xcconfig */,
				92A9BD0A9B04E4E24A9E8116 /* Pods-decoupled-dependencies-architecture.release.xcconfig */,
				14419E832C1F0501C1FA0424 /* Pods-decoupled-dependencies-architectureTests.debug.xcconfig */,
				03303672E90C74E3DE2A3B3B /* Pods-decoupled-dependencies-architectureTests.release.xcconfig */,
				F768058A794030CF5E1F4C1D /* Pods-decoupled-dependencies-architecture-Network.debug.xcconfig */,
				342E9C0BF7D8127BF445F3E6 /* Pods-decoupled-dependencies-architecture-Network.release.xcconfig */,
			);
			name = Pods;
			sourceTree = "<group>";
		};
		EE17162C208B7AC300E53574 /* Services */ = {
			isa = PBXGroup;
			children = (
				EEC68892208A2F3400D3457B /* ApiService.swift */,
				EEC6889B208A301A00D3457B /* NetworkManager.swift */,
				EE63AF5B208BA28A00298378 /* NetworkProtocol.swift */,
			);
			path = Services;
			sourceTree = "<group>";
		};
		EE63AF50208B9DCD00298378 /* Network */ = {
			isa = PBXGroup;
			children = (
				EE63AF58208B9DE300298378 /* Network.swift */,
			);
			path = Network;
			sourceTree = "<group>";
		};
		EE9F83E12087BB160024009C = {
			isa = PBXGroup;
			children = (
				EE9F83EC2087BB160024009C /* decoupled-dependencies-architecture */,
				EE9F84012087BB180024009C /* decoupled-dependencies-architectureTests */,
				EE63AF50208B9DCD00298378 /* Network */,
				EE9F83EB2087BB160024009C /* Products */,
				920E5F4F4DD8483CBA33C72E /* Pods */,
				275A0E3565F87A5E00D21D0E /* Frameworks */,
			);
			sourceTree = "<group>";
		};
		EE9F83EB2087BB160024009C /* Products */ = {
			isa = PBXGroup;
			children = (
				EE9F83EA2087BB160024009C /* decoupled-dependencies-architecture.app */,
				EE9F83FE2087BB180024009C /* decoupled-dependencies-architectureTests.xctest */,
				EE63AF4F208B9DCC00298378 /* libNetwork.a */,
			);
			name = Products;
			sourceTree = "<group>";
		};
		EE9F83EC2087BB160024009C /* decoupled-dependencies-architecture */ = {
			isa = PBXGroup;
			children = (
				EE17162C208B7AC300E53574 /* Services */,
				EEC688A4208A3FBF00D3457B /* Protocols */,
				EE9F83ED2087BB160024009C /* AppDelegate.swift */,
				EE9F83EF2087BB160024009C /* ViewController.swift */,
				EEC68894208A2F3F00D3457B /* UI */,
				EE9F83F42087BB170024009C /* Assets.xcassets */,
				EE9F83F92087BB170024009C /* Info.plist */,
			);
			path = "decoupled-dependencies-architecture";
			sourceTree = "<group>";
		};
		EE9F84012087BB180024009C /* decoupled-dependencies-architectureTests */ = {
			isa = PBXGroup;
			children = (
				EE9F84022087BB180024009C /* decoupled_dependencies_architectureTests.swift */,
				EE9F84042087BB180024009C /* Info.plist */,
			);
			path = "decoupled-dependencies-architectureTests";
			sourceTree = "<group>";
		};
		EEC68894208A2F3F00D3457B /* UI */ = {
			isa = PBXGroup;
			children = (
				EE9F83F12087BB160024009C /* Main.storyboard */,
				EE9F83F62087BB170024009C /* LaunchScreen.storyboard */,
			);
			path = UI;
			sourceTree = "<group>";
		};
		EEC688A4208A3FBF00D3457B /* Protocols */ = {
			isa = PBXGroup;
			children = (
			);
			path = Protocols;
			sourceTree = "<group>";
		};
/* End PBXGroup section */

/* Begin PBXNativeTarget section */
		EE63AF4E208B9DCC00298378 /* Network */ = {
			isa = PBXNativeTarget;
			buildConfigurationList = EE63AF53208B9DCD00298378 /* Build configuration list for PBXNativeTarget "Network" */;
			buildPhases = (
				161DA27EDF6C13830C1E48D8 /* [CP] Check Pods Manifest.lock */,
				EE63AF4B208B9DCC00298378 /* Sources */,
				EE63AF4C208B9DCC00298378 /* Frameworks */,
				EE63AF4D208B9DCC00298378 /* CopyFiles */,
			);
			buildRules = (
			);
			dependencies = (
			);
			name = Network;
			productName = Network;
			productReference = EE63AF4F208B9DCC00298378 /* libNetwork.a */;
			productType = "com.apple.product-type.library.static";
		};
		EE9F83E92087BB160024009C /* decoupled-dependencies-architecture */ = {
			isa = PBXNativeTarget;
			buildConfigurationList = EE9F84072087BB180024009C /* Build configuration list for PBXNativeTarget "decoupled-dependencies-architecture" */;
			buildPhases = (
				09D4B1D38E18F87884B41FC1 /* [CP] Check Pods Manifest.lock */,
				EE9F83E62087BB160024009C /* Sources */,
				EE9F83E72087BB160024009C /* Frameworks */,
				EE9F83E82087BB160024009C /* Resources */,
			);
			buildRules = (
			);
			dependencies = (
			);
			name = "decoupled-dependencies-architecture";
			productName = "decoupled-dependencies-architecture";
			productReference = EE9F83EA2087BB160024009C /* decoupled-dependencies-architecture.app */;
			productType = "com.apple.product-type.application";
		};
		EE9F83FD2087BB180024009C /* decoupled-dependencies-architectureTests */ = {
			isa = PBXNativeTarget;
			buildConfigurationList = EE9F840A2087BB180024009C /* Build configuration list for PBXNativeTarget "decoupled-dependencies-architectureTests" */;
			buildPhases = (
				E6C5BD960114C1FA7DA158E8 /* [CP] Check Pods Manifest.lock */,
				EE9F83FA2087BB180024009C /* Sources */,
				EE9F83FB2087BB180024009C /* Frameworks */,
				EE9F83FC2087BB180024009C /* Resources */,
			);
			buildRules = (
			);
			dependencies = (
				EE9F84002087BB180024009C /* PBXTargetDependency */,
			);
			name = "decoupled-dependencies-architectureTests";
			productName = "decoupled-dependencies-architectureTests";
			productReference = EE9F83FE2087BB180024009C /* decoupled-dependencies-architectureTests.xctest */;
			productType = "com.apple.product-type.bundle.unit-test";
		};
/* End PBXNativeTarget section */

/* Begin PBXProject section */
		EE9F83E22087BB160024009C /* Project object */ = {
			isa = PBXProject;
			attributes = {
				LastSwiftUpdateCheck = 0930;
				LastUpgradeCheck = 0930;
				ORGANIZATIONNAME = davaur;
				TargetAttributes = {
					EE63AF4E208B9DCC00298378 = {
						CreatedOnToolsVersion = 9.3;
					};
					EE9F83E92087BB160024009C = {
						CreatedOnToolsVersion = 9.3;
					};
					EE9F83FD2087BB180024009C = {
						CreatedOnToolsVersion = 9.3;
						TestTargetID = EE9F83E92087BB160024009C;
					};
				};
			};
			buildConfigurationList = EE9F83E52087BB160024009C /* Build configuration list for PBXProject "decoupled-dependencies-architecture" */;
			compatibilityVersion = "Xcode 9.3";
			developmentRegion = en;
			hasScannedForEncodings = 0;
			knownRegions = (
				en,
				Base,
			);
			mainGroup = EE9F83E12087BB160024009C;
			productRefGroup = EE9F83EB2087BB160024009C /* Products */;
			projectDirPath = "";
			projectRoot = "";
			targets = (
				EE9F83E92087BB160024009C /* decoupled-dependencies-architecture */,
				EE9F83FD2087BB180024009C /* decoupled-dependencies-architectureTests */,
				EE63AF4E208B9DCC00298378 /* Network */,
			);
		};
/* End PBXProject section */

/* Begin PBXResourcesBuildPhase section */
		EE9F83E82087BB160024009C /* Resources */ = {
			isa = PBXResourcesBuildPhase;
			buildActionMask = 2147483647;
			files = (
				EE9F83F82087BB170024009C /* LaunchScreen.storyboard in Resources */,
				EE9F83F52087BB170024009C /* Assets.xcassets in Resources */,
				EE9F83F32087BB160024009C /* Main.storyboard in Resources */,
			);
			runOnlyForDeploymentPostprocessing = 0;
		};
		EE9F83FC2087BB180024009C /* Resources */ = {
			isa = PBXResourcesBuildPhase;
			buildActionMask = 2147483647;
			files = (
			);
			runOnlyForDeploymentPostprocessing = 0;
		};
/* End PBXResourcesBuildPhase section */

/* Begin PBXShellScriptBuildPhase section */
		09D4B1D38E18F87884B41FC1 /* [CP] Check Pods Manifest.lock */ = {
			isa = PBXShellScriptBuildPhase;
			buildActionMask = 2147483647;
			files = (
			);
			inputPaths = (
				"${PODS_PODFILE_DIR_PATH}/Podfile.lock",
				"${PODS_ROOT}/Manifest.lock",
			);
			name = "[CP] Check Pods Manifest.lock";
			outputPaths = (
				"$(DERIVED_FILE_DIR)/Pods-decoupled-dependencies-architecture-checkManifestLockResult.txt",
			);
			runOnlyForDeploymentPostprocessing = 0;
			shellPath = /bin/sh;
			shellScript = "diff \"${PODS_PODFILE_DIR_PATH}/Podfile.lock\" \"${PODS_ROOT}/Manifest.lock\" > /dev/null\nif [ $? != 0 ] ; then\n    # print error to STDERR\n    echo \"error: The sandbox is not in sync with the Podfile.lock. Run 'pod install' or update your CocoaPods installation.\" >&2\n    exit 1\nfi\n# This output is used by Xcode 'outputs' to avoid re-running this script phase.\necho \"SUCCESS\" > \"${SCRIPT_OUTPUT_FILE_0}\"\n";
			showEnvVarsInLog = 0;
		};
		161DA27EDF6C13830C1E48D8 /* [CP] Check Pods Manifest.lock */ = {
			isa = PBXShellScriptBuildPhase;
			buildActionMask = 2147483647;
			files = (
			);
			inputPaths = (
				"${PODS_PODFILE_DIR_PATH}/Podfile.lock",
				"${PODS_ROOT}/Manifest.lock",
			);
			name = "[CP] Check Pods Manifest.lock";
			outputPaths = (
				"$(DERIVED_FILE_DIR)/Pods-decoupled-dependencies-architecture-Network-checkManifestLockResult.txt",
			);
			runOnlyForDeploymentPostprocessing = 0;
			shellPath = /bin/sh;
			shellScript = "diff \"${PODS_PODFILE_DIR_PATH}/Podfile.lock\" \"${PODS_ROOT}/Manifest.lock\" > /dev/null\nif [ $? != 0 ] ; then\n    # print error to STDERR\n    echo \"error: The sandbox is not in sync with the Podfile.lock. Run 'pod install' or update your CocoaPods installation.\" >&2\n    exit 1\nfi\n# This output is used by Xcode 'outputs' to avoid re-running this script phase.\necho \"SUCCESS\" > \"${SCRIPT_OUTPUT_FILE_0}\"\n";
			showEnvVarsInLog = 0;
		};
		E6C5BD960114C1FA7DA158E8 /* [CP] Check Pods Manifest.lock */ = {
			isa = PBXShellScriptBuildPhase;
			buildActionMask = 2147483647;
			files = (
			);
			inputPaths = (
				"${PODS_PODFILE_DIR_PATH}/Podfile.lock",
				"${PODS_ROOT}/Manifest.lock",
			);
			name = "[CP] Check Pods Manifest.lock";
			outputPaths = (
				"$(DERIVED_FILE_DIR)/Pods-decoupled-dependencies-architectureTests-checkManifestLockResult.txt",
			);
			runOnlyForDeploymentPostprocessing = 0;
			shellPath = /bin/sh;
			shellScript = "diff \"${PODS_PODFILE_DIR_PATH}/Podfile.lock\" \"${PODS_ROOT}/Manifest.lock\" > /dev/null\nif [ $? != 0 ] ; then\n    # print error to STDERR\n    echo \"error: The sandbox is not in sync with the Podfile.lock. Run 'pod install' or update your CocoaPods installation.\" >&2\n    exit 1\nfi\n# This output is used by Xcode 'outputs' to avoid re-running this script phase.\necho \"SUCCESS\" > \"${SCRIPT_OUTPUT_FILE_0}\"\n";
			showEnvVarsInLog = 0;
		};
/* End PBXShellScriptBuildPhase section */

/* Begin PBXSourcesBuildPhase section */
		EE63AF4B208B9DCC00298378 /* Sources */ = {
			isa = PBXSourcesBuildPhase;
			buildActionMask = 2147483647;
			files = (
				EE63AF5C208BA28A00298378 /* NetworkProtocol.swift in Sources */,
				EE63AF57208B9DD400298378 /* NetworkManager.swift in Sources */,
				EE63AF56208B9DD400298378 /* ApiService.swift in Sources */,
				EE63AF59208B9DE300298378 /* Network.swift in Sources */,
			);
			runOnlyForDeploymentPostprocessing = 0;
		};
		EE9F83E62087BB160024009C /* Sources */ = {
			isa = PBXSourcesBuildPhase;
			buildActionMask = 2147483647;
			files = (
				EE9F83F02087BB160024009C /* ViewController.swift in Sources */,
				EE9F83EE2087BB160024009C /* AppDelegate.swift in Sources */,
			);
			runOnlyForDeploymentPostprocessing = 0;
		};
		EE9F83FA2087BB180024009C /* Sources */ = {
			isa = PBXSourcesBuildPhase;
			buildActionMask = 2147483647;
			files = (
				EE9F84032087BB180024009C /* decoupled_dependencies_architectureTests.swift in Sources */,
			);
			runOnlyForDeploymentPostprocessing = 0;
		};
/* End PBXSourcesBuildPhase section */

/* Begin PBXTargetDependency section */
		EE9F84002087BB180024009C /* PBXTargetDependency */ = {
			isa = PBXTargetDependency;
			target = EE9F83E92087BB160024009C /* decoupled-dependencies-architecture */;
			targetProxy = EE9F83FF2087BB180024009C /* PBXContainerItemProxy */;
		};
/* End PBXTargetDependency section */

/* Begin PBXVariantGroup section */
		EE9F83F12087BB160024009C /* Main.storyboard */ = {
			isa = PBXVariantGroup;
			children = (
				EE9F83F22087BB160024009C /* Base */,
			);
			name = Main.storyboard;
			sourceTree = "<group>";
		};
		EE9F83F62087BB170024009C /* LaunchScreen.storyboard */ = {
			isa = PBXVariantGroup;
			children = (
				EE9F83F72087BB170024009C /* Base */,
			);
			name = LaunchScreen.storyboard;
			sourceTree = "<group>";
		};
/* End PBXVariantGroup section */

/* Begin XCBuildConfiguration section */
		EE63AF54208B9DCD00298378 /* Debug */ = {
			isa = XCBuildConfiguration;
			baseConfigurationReference = F768058A794030CF5E1F4C1D /* Pods-decoupled-dependencies-architecture-Network.debug.xcconfig */;
			buildSettings = {
				CODE_SIGN_STYLE = Automatic;
				DEVELOPMENT_TEAM = 9NM4DLTS84;
				OTHER_LDFLAGS = "-ObjC";
				PRODUCT_NAME = "$(TARGET_NAME)";
				SKIP_INSTALL = YES;
				SWIFT_VERSION = 4.0;
				TARGETED_DEVICE_FAMILY = "1,2";
			};
			name = Debug;
		};
		EE63AF55208B9DCD00298378 /* Release */ = {
			isa = XCBuildConfiguration;
			baseConfigurationReference = 342E9C0BF7D8127BF445F3E6 /* Pods-decoupled-dependencies-architecture-Network.release.xcconfig */;
			buildSettings = {
				CODE_SIGN_STYLE = Automatic;
				DEVELOPMENT_TEAM = 9NM4DLTS84;
				OTHER_LDFLAGS = "-ObjC";
				PRODUCT_NAME = "$(TARGET_NAME)";
				SKIP_INSTALL = YES;
				SWIFT_VERSION = 4.0;
				TARGETED_DEVICE_FAMILY = "1,2";
			};
			name = Release;
		};
		EE9F84052087BB180024009C /* Debug */ = {
			isa = XCBuildConfiguration;
			buildSettings = {
				ALWAYS_SEARCH_USER_PATHS = NO;
				CLANG_ANALYZER_NONNULL = YES;
				CLANG_ANALYZER_NUMBER_OBJECT_CONVERSION = YES_AGGRESSIVE;
				CLANG_CXX_LANGUAGE_STANDARD = "gnu++14";
				CLANG_CXX_LIBRARY = "libc++";
				CLANG_ENABLE_MODULES = YES;
				CLANG_ENABLE_OBJC_ARC = YES;
				CLANG_ENABLE_OBJC_WEAK = YES;
				CLANG_WARN_BLOCK_CAPTURE_AUTORELEASING = YES;
				CLANG_WARN_BOOL_CONVERSION = YES;
				CLANG_WARN_COMMA = YES;
				CLANG_WARN_CONSTANT_CONVERSION = YES;
				CLANG_WARN_DEPRECATED_OBJC_IMPLEMENTATIONS = YES;
				CLANG_WARN_DIRECT_OBJC_ISA_USAGE = YES_ERROR;
				CLANG_WARN_DOCUMENTATION_COMMENTS = YES;
				CLANG_WARN_EMPTY_BODY = YES;
				CLANG_WARN_ENUM_CONVERSION = YES;
				CLANG_WARN_INFINITE_RECURSION = YES;
				CLANG_WARN_INT_CONVERSION = YES;
				CLANG_WARN_NON_LITERAL_NULL_CONVERSION = YES;
				CLANG_WARN_OBJC_IMPLICIT_RETAIN_SELF = YES;
				CLANG_WARN_OBJC_LITERAL_CONVERSION = YES;
				CLANG_WARN_OBJC_ROOT_CLASS = YES_ERROR;
				CLANG_WARN_RANGE_LOOP_ANALYSIS = YES;
				CLANG_WARN_STRICT_PROTOTYPES = YES;
				CLANG_WARN_SUSPICIOUS_MOVE = YES;
				CLANG_WARN_UNGUARDED_AVAILABILITY = YES_AGGRESSIVE;
				CLANG_WARN_UNREACHABLE_CODE = YES;
				CLANG_WARN__DUPLICATE_METHOD_MATCH = YES;
				CODE_SIGN_IDENTITY = "iPhone Developer";
				COPY_PHASE_STRIP = NO;
				DEBUG_INFORMATION_FORMAT = dwarf;
				ENABLE_STRICT_OBJC_MSGSEND = YES;
				ENABLE_TESTABILITY = YES;
				GCC_C_LANGUAGE_STANDARD = gnu11;
				GCC_DYNAMIC_NO_PIC = NO;
				GCC_NO_COMMON_BLOCKS = YES;
				GCC_OPTIMIZATION_LEVEL = 0;
				GCC_PREPROCESSOR_DEFINITIONS = (
					"DEBUG=1",
					"$(inherited)",
				);
				GCC_WARN_64_TO_32_BIT_CONVERSION = YES;
				GCC_WARN_ABOUT_RETURN_TYPE = YES_ERROR;
				GCC_WARN_UNDECLARED_SELECTOR = YES;
				GCC_WARN_UNINITIALIZED_AUTOS = YES_AGGRESSIVE;
				GCC_WARN_UNUSED_FUNCTION = YES;
				GCC_WARN_UNUSED_VARIABLE = YES;
				IPHONEOS_DEPLOYMENT_TARGET = 11.3;
				MTL_ENABLE_DEBUG_INFO = YES;
				ONLY_ACTIVE_ARCH = YES;
				SDKROOT = iphoneos;
				SWIFT_ACTIVE_COMPILATION_CONDITIONS = DEBUG;
				SWIFT_OPTIMIZATION_LEVEL = "-Onone";
			};
			name = Debug;
		};
		EE9F84062087BB180024009C /* Release */ = {
			isa = XCBuildConfiguration;
			buildSettings = {
				ALWAYS_SEARCH_USER_PATHS = NO;
				CLANG_ANALYZER_NONNULL = YES;
				CLANG_ANALYZER_NUMBER_OBJECT_CONVERSION = YES_AGGRESSIVE;
				CLANG_CXX_LANGUAGE_STANDARD = "gnu++14";
				CLANG_CXX_LIBRARY = "libc++";
				CLANG_ENABLE_MODULES = YES;
				CLANG_ENABLE_OBJC_ARC = YES;
				CLANG_ENABLE_OBJC_WEAK = YES;
				CLANG_WARN_BLOCK_CAPTURE_AUTORELEASING = YES;
				CLANG_WARN_BOOL_CONVERSION = YES;
				CLANG_WARN_COMMA = YES;
				CLANG_WARN_CONSTANT_CONVERSION = YES;
				CLANG_WARN_DEPRECATED_OBJC_IMPLEMENTATIONS = YES;
				CLANG_WARN_DIRECT_OBJC_ISA_USAGE = YES_ERROR;
				CLANG_WARN_DOCUMENTATION_COMMENTS = YES;
				CLANG_WARN_EMPTY_BODY = YES;
				CLANG_WARN_ENUM_CONVERSION = YES;
				CLANG_WARN_INFINITE_RECURSION = YES;
				CLANG_WARN_INT_CONVERSION = YES;
				CLANG_WARN_NON_LITERAL_NULL_CONVERSION = YES;
				CLANG_WARN_OBJC_IMPLICIT_RETAIN_SELF = YES;
				CLANG_WARN_OBJC_LITERAL_CONVERSION = YES;
				CLANG_WARN_OBJC_ROOT_CLASS = YES_ERROR;
				CLANG_WARN_RANGE_LOOP_ANALYSIS = YES;
				CLANG_WARN_STRICT_PROTOTYPES = YES;
				CLANG_WARN_SUSPICIOUS_MOVE = YES;
				CLANG_WARN_UNGUARDED_AVAILABILITY = YES_AGGRESSIVE;
				CLANG_WARN_UNREACHABLE_CODE = YES;
				CLANG_WARN__DUPLICATE_METHOD_MATCH = YES;
				CODE_SIGN_IDENTITY = "iPhone Developer";
				COPY_PHASE_STRIP = NO;
				DEBUG_INFORMATION_FORMAT = "dwarf-with-dsym";
				ENABLE_NS_ASSERTIONS = NO;
				ENABLE_STRICT_OBJC_MSGSEND = YES;
				GCC_C_LANGUAGE_STANDARD = gnu11;
				GCC_NO_COMMON_BLOCKS = YES;
				GCC_WARN_64_TO_32_BIT_CONVERSION = YES;
				GCC_WARN_ABOUT_RETURN_TYPE = YES_ERROR;
				GCC_WARN_UNDECLARED_SELECTOR = YES;
				GCC_WARN_UNINITIALIZED_AUTOS = YES_AGGRESSIVE;
				GCC_WARN_UNUSED_FUNCTION = YES;
				GCC_WARN_UNUSED_VARIABLE = YES;
				IPHONEOS_DEPLOYMENT_TARGET = 11.3;
				MTL_ENABLE_DEBUG_INFO = NO;
				SDKROOT = iphoneos;
				SWIFT_COMPILATION_MODE = wholemodule;
				SWIFT_OPTIMIZATION_LEVEL = "-O";
				VALIDATE_PRODUCT = YES;
			};
			name = Release;
		};
		EE9F84082087BB180024009C /* Debug */ = {
			isa = XCBuildConfiguration;
			baseConfigurationReference = C38A8BDF52BC30FA5533256A /* Pods-decoupled-dependencies-architecture.debug.xcconfig */;
			buildSettings = {
				ASSETCATALOG_COMPILER_APPICON_NAME = AppIcon;
				CODE_SIGN_STYLE = Automatic;
				DEVELOPMENT_TEAM = 9NM4DLTS84;
				INFOPLIST_FILE = "decoupled-dependencies-architecture/Info.plist";
				LD_RUNPATH_SEARCH_PATHS = (
					"$(inherited)",
					"@executable_path/Frameworks",
				);
				PRODUCT_BUNDLE_IDENTIFIER = "com.davaur.decoupled-dependencies-architecture";
				PRODUCT_NAME = "$(TARGET_NAME)";
				SWIFT_VERSION = 4.0;
				TARGETED_DEVICE_FAMILY = "1,2";
			};
			name = Debug;
		};
		EE9F84092087BB180024009C /* Release */ = {
			isa = XCBuildConfiguration;
			baseConfigurationReference = 92A9BD0A9B04E4E24A9E8116 /* Pods-decoupled-dependencies-architecture.release.xcconfig */;
			buildSettings = {
				ASSETCATALOG_COMPILER_APPICON_NAME = AppIcon;
				CODE_SIGN_STYLE = Automatic;
				DEVELOPMENT_TEAM = 9NM4DLTS84;
				INFOPLIST_FILE = "decoupled-dependencies-architecture/Info.plist";
				LD_RUNPATH_SEARCH_PATHS = (
					"$(inherited)",
					"@executable_path/Frameworks",
				);
				PRODUCT_BUNDLE_IDENTIFIER = "com.davaur.decoupled-dependencies-architecture";
				PRODUCT_NAME = "$(TARGET_NAME)";
				SWIFT_VERSION = 4.0;
				TARGETED_DEVICE_FAMILY = "1,2";
			};
			name = Release;
		};
		EE9F840B2087BB180024009C /* Debug */ = {
			isa = XCBuildConfiguration;
			baseConfigurationReference = 14419E832C1F0501C1FA0424 /* Pods-decoupled-dependencies-architectureTests.debug.xcconfig */;
			buildSettings = {
				ALWAYS_EMBED_SWIFT_STANDARD_LIBRARIES = YES;
				BUNDLE_LOADER = "$(TEST_HOST)";
				CODE_SIGN_STYLE = Automatic;
				DEVELOPMENT_TEAM = 9NM4DLTS84;
				INFOPLIST_FILE = "decoupled-dependencies-architectureTests/Info.plist";
				LD_RUNPATH_SEARCH_PATHS = (
					"$(inherited)",
					"@executable_path/Frameworks",
					"@loader_path/Frameworks",
				);
				PRODUCT_BUNDLE_IDENTIFIER = "com.davaur.decoupled-dependencies-architectureTests";
				PRODUCT_NAME = "$(TARGET_NAME)";
				SWIFT_VERSION = 4.0;
				TARGETED_DEVICE_FAMILY = "1,2";
				TEST_HOST = "$(BUILT_PRODUCTS_DIR)/decoupled-dependencies-architecture.app/decoupled-dependencies-architecture";
			};
			name = Debug;
		};
		EE9F840C2087BB180024009C /* Release */ = {
			isa = XCBuildConfiguration;
			baseConfigurationReference = 03303672E90C74E3DE2A3B3B /* Pods-decoupled-dependencies-architectureTests.release.xcconfig */;
			buildSettings = {
				ALWAYS_EMBED_SWIFT_STANDARD_LIBRARIES = YES;
				BUNDLE_LOADER = "$(TEST_HOST)";
				CODE_SIGN_STYLE = Automatic;
				DEVELOPMENT_TEAM = 9NM4DLTS84;
				INFOPLIST_FILE = "decoupled-dependencies-architectureTests/Info.plist";
				LD_RUNPATH_SEARCH_PATHS = (
					"$(inherited)",
					"@executable_path/Frameworks",
					"@loader_path/Frameworks",
				);
				PRODUCT_BUNDLE_IDENTIFIER = "com.davaur.decoupled-dependencies-architectureTests";
				PRODUCT_NAME = "$(TARGET_NAME)";
				SWIFT_VERSION = 4.0;
				TARGETED_DEVICE_FAMILY = "1,2";
				TEST_HOST = "$(BUILT_PRODUCTS_DIR)/decoupled-dependencies-architecture.app/decoupled-dependencies-architecture";
			};
			name = Release;
		};
/* End XCBuildConfiguration section */

/* Begin XCConfigurationList section */
		EE63AF53208B9DCD00298378 /* Build configuration list for PBXNativeTarget "Network" */ = {
			isa = XCConfigurationList;
			buildConfigurations = (
				EE63AF54208B9DCD00298378 /* Debug */,
				EE63AF55208B9DCD00298378 /* Release */,
			);
			defaultConfigurationIsVisible = 0;
			defaultConfigurationName = Release;
		};
		EE9F83E52087BB160024009C /* Build configuration list for PBXProject "decoupled-dependencies-architecture" */ = {
			isa = XCConfigurationList;
			buildConfigurations = (
				EE9F84052087BB180024009C /* Debug */,
				EE9F84062087BB180024009C /* Release */,
			);
			defaultConfigurationIsVisible = 0;
			defaultConfigurationName = Release;
		};
		EE9F84072087BB180024009C /* Build configuration list for PBXNativeTarget "decoupled-dependencies-architecture" */ = {
			isa = XCConfigurationList;
			buildConfigurations = (
				EE9F84082087BB180024009C /* Debug */,
				EE9F84092087BB180024009C /* Release */,
			);
			defaultConfigurationIsVisible = 0;
			defaultConfigurationName = Release;
		};
		EE9F840A2087BB180024009C /* Build configuration list for PBXNativeTarget "decoupled-dependencies-architectureTests" */ = {
			isa = XCConfigurationList;
			buildConfigurations = (
				EE9F840B2087BB180024009C /* Debug */,
				EE9F840C2087BB180024009C /* Release */,
			);
			defaultConfigurationIsVisible = 0;
			defaultConfigurationName = Release;
		};
/* End XCConfigurationList section */
	};
	rootObject = EE9F83E22087BB160024009C /* Project object */;
}
